// !$*UTF8*$!
{
	archiveVersion = 1;
	classes = {
	};
	objectVersion = 50;
	objects = {

/* Begin PBXBuildFile section */
		665CC3A321F21D47003E8650 /* MapSetTableViewController.swift in Sources */ = {isa = PBXBuildFile; fileRef = 665CC3A221F21D47003E8650 /* MapSetTableViewController.swift */; };
		665CC3A621F21EC8003E8650 /* MapSetRepository.swift in Sources */ = {isa = PBXBuildFile; fileRef = 665CC3A521F21EC8003E8650 /* MapSetRepository.swift */; };
		665CC3AC21F23113003E8650 /* MapSetTableView.swift in Sources */ = {isa = PBXBuildFile; fileRef = 665CC3AB21F23113003E8650 /* MapSetTableView.swift */; };
		66982C5421E781E7006A88AA /* Assets.xcassets in Resources */ = {isa = PBXBuildFile; fileRef = 66982C5321E781E7006A88AA /* Assets.xcassets */; };
		66982C5721E781E7006A88AA /* LaunchScreen.storyboard in Resources */ = {isa = PBXBuildFile; fileRef = 66982C5521E781E7006A88AA /* LaunchScreen.storyboard */; };
		66982C6621E78565006A88AA /* GameScene.swift in Sources */ = {isa = PBXBuildFile; fileRef = 66982C5F21E78564006A88AA /* GameScene.swift */; };
		66982C6721E78565006A88AA /* GameViewController.swift in Sources */ = {isa = PBXBuildFile; fileRef = 66982C6021E78564006A88AA /* GameViewController.swift */; };
		66982C6921E78565006A88AA /* GameScene.sks in Resources */ = {isa = PBXBuildFile; fileRef = 66982C6221E78564006A88AA /* GameScene.sks */; };
		66982C6A21E78565006A88AA /* AppDelegate.swift in Sources */ = {isa = PBXBuildFile; fileRef = 66982C6321E78564006A88AA /* AppDelegate.swift */; };
		66982C6B21E78565006A88AA /* Actions.sks in Resources */ = {isa = PBXBuildFile; fileRef = 66982C6421E78565006A88AA /* Actions.sks */; };
		66982C6C21E78565006A88AA /* Main.storyboard in Resources */ = {isa = PBXBuildFile; fileRef = 66982C6521E78565006A88AA /* Main.storyboard */; };
		66982C6E21E78580006A88AA /* MyTileSet.sks in Resources */ = {isa = PBXBuildFile; fileRef = 66982C6D21E78580006A88AA /* MyTileSet.sks */; };
		66982C7221E7864E006A88AA /* CustomScrollVIew.swift in Sources */ = {isa = PBXBuildFile; fileRef = 66982C7121E7864E006A88AA /* CustomScrollVIew.swift */; };
		66982C7921E789D6006A88AA /* Building.swift in Sources */ = {isa = PBXBuildFile; fileRef = 66982C7821E789D6006A88AA /* Building.swift */; };
		66982C7B21E78B86006A88AA /* ResourceType.swift in Sources */ = {isa = PBXBuildFile; fileRef = 66982C7A21E78B86006A88AA /* ResourceType.swift */; };
		66982C7D21E78C19006A88AA /* TileDictionary.swift in Sources */ = {isa = PBXBuildFile; fileRef = 66982C7C21E78C19006A88AA /* TileDictionary.swift */; };
		66982C7F21E78EFA006A88AA /* Game.swift in Sources */ = {isa = PBXBuildFile; fileRef = 66982C7E21E78EFA006A88AA /* Game.swift */; };
		66982C8121E78F30006A88AA /* MapSet.swift in Sources */ = {isa = PBXBuildFile; fileRef = 66982C8021E78F30006A88AA /* MapSet.swift */; };
		66982C8321E78F69006A88AA /* Event.swift in Sources */ = {isa = PBXBuildFile; fileRef = 66982C8221E78F69006A88AA /* Event.swift */; };
		66982C8521E78FA5006A88AA /* EventType.swift in Sources */ = {isa = PBXBuildFile; fileRef = 66982C8421E78FA4006A88AA /* EventType.swift */; };
		66982C8721E7929B006A88AA /* Tile.swift in Sources */ = {isa = PBXBuildFile; fileRef = 66982C8621E7929B006A88AA /* Tile.swift */; };
		66982C8921E7942F006A88AA /* TileType.swift in Sources */ = {isa = PBXBuildFile; fileRef = 66982C8821E7942F006A88AA /* TileType.swift */; };
		669F43E521F0B836005472C3 /* SaveGameTableViewController.swift in Sources */ = {isa = PBXBuildFile; fileRef = 669F43E421F0B836005472C3 /* SaveGameTableViewController.swift */; };
		669F43E721F0E099005472C3 /* NewGameTableViewController.swift in Sources */ = {isa = PBXBuildFile; fileRef = 669F43E621F0E099005472C3 /* NewGameTableViewController.swift */; };
		66CF068B21ECE4F30088B495 /* ResourceCollection.swift in Sources */ = {isa = PBXBuildFile; fileRef = 66CF068A21ECE4F30088B495 /* ResourceCollection.swift */; };
/* End PBXBuildFile section */

/* Begin PBXFileReference section */
		665CC3A221F21D47003E8650 /* MapSetTableViewController.swift */ = {isa = PBXFileReference; lastKnownFileType = sourcecode.swift; path = MapSetTableViewController.swift; sourceTree = "<group>"; };
		665CC3A521F21EC8003E8650 /* MapSetRepository.swift */ = {isa = PBXFileReference; lastKnownFileType = sourcecode.swift; path = MapSetRepository.swift; sourceTree = "<group>"; };
		665CC3AB21F23113003E8650 /* MapSetTableView.swift */ = {isa = PBXFileReference; lastKnownFileType = sourcecode.swift; path = MapSetTableView.swift; sourceTree = "<group>"; };
		66982C4321E781E5006A88AA /* Exiled.app */ = {isa = PBXFileReference; explicitFileType = wrapper.application; includeInIndex = 0; path = Exiled.app; sourceTree = BUILT_PRODUCTS_DIR; };
		66982C5321E781E7006A88AA /* Assets.xcassets */ = {isa = PBXFileReference; lastKnownFileType = folder.assetcatalog; path = Assets.xcassets; sourceTree = "<group>"; };
		66982C5621E781E7006A88AA /* Base */ = {isa = PBXFileReference; lastKnownFileType = file.storyboard; name = Base; path = Base.lproj/LaunchScreen.storyboard; sourceTree = "<group>"; };
		66982C5821E781E7006A88AA /* Info.plist */ = {isa = PBXFileReference; lastKnownFileType = text.plist.xml; path = Info.plist; sourceTree = "<group>"; };
		66982C5E21E78564006A88AA /* Exiled-Bridging-Header.h */ = {isa = PBXFileReference; lastKnownFileType = sourcecode.c.h; path = "Exiled-Bridging-Header.h"; sourceTree = "<group>"; };
		66982C5F21E78564006A88AA /* GameScene.swift */ = {isa = PBXFileReference; fileEncoding = 4; lastKnownFileType = sourcecode.swift; path = GameScene.swift; sourceTree = "<group>"; };
		66982C6021E78564006A88AA /* GameViewController.swift */ = {isa = PBXFileReference; fileEncoding = 4; lastKnownFileType = sourcecode.swift; path = GameViewController.swift; sourceTree = "<group>"; };
		66982C6221E78564006A88AA /* GameScene.sks */ = {isa = PBXFileReference; lastKnownFileType = file.sks; path = GameScene.sks; sourceTree = "<group>"; };
		66982C6321E78564006A88AA /* AppDelegate.swift */ = {isa = PBXFileReference; fileEncoding = 4; lastKnownFileType = sourcecode.swift; path = AppDelegate.swift; sourceTree = "<group>"; };
		66982C6421E78565006A88AA /* Actions.sks */ = {isa = PBXFileReference; lastKnownFileType = file.sks; path = Actions.sks; sourceTree = "<group>"; };
		66982C6521E78565006A88AA /* Main.storyboard */ = {isa = PBXFileReference; fileEncoding = 4; lastKnownFileType = file.storyboard; path = Main.storyboard; sourceTree = "<group>"; };
		66982C6D21E78580006A88AA /* MyTileSet.sks */ = {isa = PBXFileReference; lastKnownFileType = file.sks; path = MyTileSet.sks; sourceTree = "<group>"; };
		66982C7121E7864E006A88AA /* CustomScrollVIew.swift */ = {isa = PBXFileReference; fileEncoding = 4; lastKnownFileType = sourcecode.swift; path = CustomScrollVIew.swift; sourceTree = "<group>"; };
		66982C7821E789D6006A88AA /* Building.swift */ = {isa = PBXFileReference; lastKnownFileType = sourcecode.swift; path = Building.swift; sourceTree = "<group>"; };
		66982C7A21E78B86006A88AA /* ResourceType.swift */ = {isa = PBXFileReference; lastKnownFileType = sourcecode.swift; path = ResourceType.swift; sourceTree = "<group>"; };
		66982C7C21E78C19006A88AA /* TileDictionary.swift */ = {isa = PBXFileReference; lastKnownFileType = sourcecode.swift; path = TileDictionary.swift; sourceTree = "<group>"; };
		66982C7E21E78EFA006A88AA /* Game.swift */ = {isa = PBXFileReference; lastKnownFileType = sourcecode.swift; path = Game.swift; sourceTree = "<group>"; };
		66982C8021E78F30006A88AA /* MapSet.swift */ = {isa = PBXFileReference; lastKnownFileType = sourcecode.swift; path = MapSet.swift; sourceTree = "<group>"; };
		66982C8221E78F69006A88AA /* Event.swift */ = {isa = PBXFileReference; lastKnownFileType = sourcecode.swift; path = Event.swift; sourceTree = "<group>"; };
		66982C8421E78FA4006A88AA /* EventType.swift */ = {isa = PBXFileReference; lastKnownFileType = sourcecode.swift; path = EventType.swift; sourceTree = "<group>"; };
		66982C8621E7929B006A88AA /* Tile.swift */ = {isa = PBXFileReference; lastKnownFileType = sourcecode.swift; path = Tile.swift; sourceTree = "<group>"; };
		66982C8821E7942F006A88AA /* TileType.swift */ = {isa = PBXFileReference; lastKnownFileType = sourcecode.swift; path = TileType.swift; sourceTree = "<group>"; };
		669F43E421F0B836005472C3 /* SaveGameTableViewController.swift */ = {isa = PBXFileReference; lastKnownFileType = sourcecode.swift; name = SaveGameTableViewController.swift; path = Exiled/Controller/SaveGameTableViewController.swift; sourceTree = SOURCE_ROOT; };
		669F43E621F0E099005472C3 /* NewGameTableViewController.swift */ = {isa = PBXFileReference; lastKnownFileType = sourcecode.swift; name = NewGameTableViewController.swift; path = Exiled/Controller/NewGameTableViewController.swift; sourceTree = SOURCE_ROOT; };
		66CF068A21ECE4F30088B495 /* ResourceCollection.swift */ = {isa = PBXFileReference; lastKnownFileType = sourcecode.swift; path = ResourceCollection.swift; sourceTree = "<group>"; };
/* End PBXFileReference section */

/* Begin PBXFrameworksBuildPhase section */
		66982C4021E781E5006A88AA /* Frameworks */ = {
			isa = PBXFrameworksBuildPhase;
			buildActionMask = 2147483647;
			files = (
			);
			runOnlyForDeploymentPostprocessing = 0;
		};
/* End PBXFrameworksBuildPhase section */

/* Begin PBXGroup section */
		665CC3A421F21E61003E8650 /* Persistence */ = {
			isa = PBXGroup;
			children = (
				665CC3A521F21EC8003E8650 /* MapSetRepository.swift */,
			);
			path = Persistence;
			sourceTree = "<group>";
		};
		66982C3A21E781E5006A88AA = {
			isa = PBXGroup;
			children = (
				66982C4521E781E5006A88AA /* Exiled */,
				66982C4421E781E5006A88AA /* Products */,
			);
			sourceTree = "<group>";
		};
		66982C4421E781E5006A88AA /* Products */ = {
			isa = PBXGroup;
			children = (
				66982C4321E781E5006A88AA /* Exiled.app */,
			);
			name = Products;
			sourceTree = "<group>";
		};
		66982C4521E781E5006A88AA /* Exiled */ = {
			isa = PBXGroup;
			children = (
				665CC3A421F21E61003E8650 /* Persistence */,
				66982C7521E787D2006A88AA /* Controller */,
				66982C7421E787C7006A88AA /* View */,
				66982C7321E787B2006A88AA /* Model */,
				66982C6421E78565006A88AA /* Actions.sks */,
				66982C6321E78564006A88AA /* AppDelegate.swift */,
				66982C5321E781E7006A88AA /* Assets.xcassets */,
				66982C5821E781E7006A88AA /* Info.plist */,
				66982C5E21E78564006A88AA /* Exiled-Bridging-Header.h */,
			);
			path = Exiled;
			sourceTree = "<group>";
		};
		66982C7321E787B2006A88AA /* Model */ = {
			isa = PBXGroup;
			children = (
				66982C7821E789D6006A88AA /* Building.swift */,
				66982C7A21E78B86006A88AA /* ResourceType.swift */,
				66982C7C21E78C19006A88AA /* TileDictionary.swift */,
				66982C7E21E78EFA006A88AA /* Game.swift */,
				66982C8021E78F30006A88AA /* MapSet.swift */,
				66982C8221E78F69006A88AA /* Event.swift */,
				66982C8421E78FA4006A88AA /* EventType.swift */,
				66982C8621E7929B006A88AA /* Tile.swift */,
				66982C8821E7942F006A88AA /* TileType.swift */,
				66CF068A21ECE4F30088B495 /* ResourceCollection.swift */,
			);
			path = Model;
			sourceTree = "<group>";
		};
		66982C7421E787C7006A88AA /* View */ = {
			isa = PBXGroup;
			children = (
				66982C7721E787F1006A88AA /* Util */,
				66982C7621E787E7006A88AA /* Views */,
			);
			path = View;
			sourceTree = "<group>";
		};
		66982C7521E787D2006A88AA /* Controller */ = {
			isa = PBXGroup;
			children = (
				665CC3A221F21D47003E8650 /* MapSetTableViewController.swift */,
				66982C6021E78564006A88AA /* GameViewController.swift */,
				669F43E421F0B836005472C3 /* SaveGameTableViewController.swift */,
				669F43E621F0E099005472C3 /* NewGameTableViewController.swift */,
			);
			path = Controller;
			sourceTree = "<group>";
		};
		66982C7621E787E7006A88AA /* Views */ = {
			isa = PBXGroup;
			children = (
				66982C5521E781E7006A88AA /* LaunchScreen.storyboard */,
				66982C6521E78565006A88AA /* Main.storyboard */,
				66982C6221E78564006A88AA /* GameScene.sks */,
				66982C5F21E78564006A88AA /* GameScene.swift */,
			);
			path = Views;
			sourceTree = "<group>";
		};
		66982C7721E787F1006A88AA /* Util */ = {
			isa = PBXGroup;
			children = (
				66982C7121E7864E006A88AA /* CustomScrollVIew.swift */,
				66982C6D21E78580006A88AA /* MyTileSet.sks */,
				665CC3AB21F23113003E8650 /* MapSetTableView.swift */,
			);
			path = Util;
			sourceTree = "<group>";
		};
/* End PBXGroup section */

/* Begin PBXNativeTarget section */
		66982C4221E781E5006A88AA /* Exiled */ = {
			isa = PBXNativeTarget;
			buildConfigurationList = 66982C5B21E781E7006A88AA /* Build configuration list for PBXNativeTarget "Exiled" */;
			buildPhases = (
				66982C3F21E781E5006A88AA /* Sources */,
				66982C4021E781E5006A88AA /* Frameworks */,
				66982C4121E781E5006A88AA /* Resources */,
			);
			buildRules = (
			);
			dependencies = (
			);
			name = Exiled;
			productName = Exiled;
			productReference = 66982C4321E781E5006A88AA /* Exiled.app */;
			productType = "com.apple.product-type.application";
		};
/* End PBXNativeTarget section */

/* Begin PBXProject section */
		66982C3B21E781E5006A88AA /* Project object */ = {
			isa = PBXProject;
			attributes = {
				LastSwiftUpdateCheck = 1000;
				LastUpgradeCheck = 1000;
				ORGANIZATIONNAME = "Matthias De Fré";
				TargetAttributes = {
					66982C4221E781E5006A88AA = {
						CreatedOnToolsVersion = 10.0;
						LastSwiftMigration = 1000;
					};
				};
			};
			buildConfigurationList = 66982C3E21E781E5006A88AA /* Build configuration list for PBXProject "Exiled" */;
			compatibilityVersion = "Xcode 9.3";
			developmentRegion = en;
			hasScannedForEncodings = 0;
			knownRegions = (
				en,
				Base,
			);
			mainGroup = 66982C3A21E781E5006A88AA;
			productRefGroup = 66982C4421E781E5006A88AA /* Products */;
			projectDirPath = "";
			projectRoot = "";
			targets = (
				66982C4221E781E5006A88AA /* Exiled */,
			);
		};
/* End PBXProject section */

/* Begin PBXResourcesBuildPhase section */
		66982C4121E781E5006A88AA /* Resources */ = {
			isa = PBXResourcesBuildPhase;
			buildActionMask = 2147483647;
			files = (
				66982C6921E78565006A88AA /* GameScene.sks in Resources */,
				66982C5421E781E7006A88AA /* Assets.xcassets in Resources */,
				66982C6E21E78580006A88AA /* MyTileSet.sks in Resources */,
				66982C6C21E78565006A88AA /* Main.storyboard in Resources */,
				66982C5721E781E7006A88AA /* LaunchScreen.storyboard in Resources */,
				66982C6B21E78565006A88AA /* Actions.sks in Resources */,
			);
			runOnlyForDeploymentPostprocessing = 0;
		};
/* End PBXResourcesBuildPhase section */

/* Begin PBXSourcesBuildPhase section */
		66982C3F21E781E5006A88AA /* Sources */ = {
			isa = PBXSourcesBuildPhase;
			buildActionMask = 2147483647;
			files = (
				66982C6A21E78565006A88AA /* AppDelegate.swift in Sources */,
				669F43E521F0B836005472C3 /* SaveGameTableViewController.swift in Sources */,
				66982C6721E78565006A88AA /* GameViewController.swift in Sources */,
				66982C7921E789D6006A88AA /* Building.swift in Sources */,
				66982C8721E7929B006A88AA /* Tile.swift in Sources */,
				66982C8521E78FA5006A88AA /* EventType.swift in Sources */,
				66982C7D21E78C19006A88AA /* TileDictionary.swift in Sources */,
				66982C8321E78F69006A88AA /* Event.swift in Sources */,
				66982C8921E7942F006A88AA /* TileType.swift in Sources */,
				66982C7221E7864E006A88AA /* CustomScrollVIew.swift in Sources */,
				66CF068B21ECE4F30088B495 /* ResourceCollection.swift in Sources */,
				66982C6621E78565006A88AA /* GameScene.swift in Sources */,
				669F43E721F0E099005472C3 /* NewGameTableViewController.swift in Sources */,
				66982C7B21E78B86006A88AA /* ResourceType.swift in Sources */,
				66982C8121E78F30006A88AA /* MapSet.swift in Sources */,
				665CC3AC21F23113003E8650 /* MapSetTableView.swift in Sources */,
				66982C7F21E78EFA006A88AA /* Game.swift in Sources */,
				665CC3A321F21D47003E8650 /* MapSetTableViewController.swift in Sources */,
				665CC3A621F21EC8003E8650 /* MapSetRepository.swift in Sources */,
			);
			runOnlyForDeploymentPostprocessing = 0;
		};
/* End PBXSourcesBuildPhase section */

/* Begin PBXVariantGroup section */
		66982C5521E781E7006A88AA /* LaunchScreen.storyboard */ = {
			isa = PBXVariantGroup;
			children = (
				66982C5621E781E7006A88AA /* Base */,
			);
			name = LaunchScreen.storyboard;
			sourceTree = "<group>";
		};
/* End PBXVariantGroup section */

/* Begin XCBuildConfiguration section */
		66982C5921E781E7006A88AA /* Debug */ = {
			isa = XCBuildConfiguration;
			buildSettings = {
				ALWAYS_SEARCH_USER_PATHS = NO;
				CLANG_ANALYZER_NONNULL = YES;
				CLANG_ANALYZER_NUMBER_OBJECT_CONVERSION = YES_AGGRESSIVE;
				CLANG_CXX_LANGUAGE_STANDARD = "gnu++14";
				CLANG_CXX_LIBRARY = "libc++";
				CLANG_ENABLE_MODULES = YES;
				CLANG_ENABLE_OBJC_ARC = YES;
				CLANG_ENABLE_OBJC_WEAK = YES;
				CLANG_WARN_BLOCK_CAPTURE_AUTORELEASING = YES;
				CLANG_WARN_BOOL_CONVERSION = YES;
				CLANG_WARN_COMMA = YES;
				CLANG_WARN_CONSTANT_CONVERSION = YES;
				CLANG_WARN_DEPRECATED_OBJC_IMPLEMENTATIONS = YES;
				CLANG_WARN_DIRECT_OBJC_ISA_USAGE = YES_ERROR;
				CLANG_WARN_DOCUMENTATION_COMMENTS = YES;
				CLANG_WARN_EMPTY_BODY = YES;
				CLANG_WARN_ENUM_CONVERSION = YES;
				CLANG_WARN_INFINITE_RECURSION = YES;
				CLANG_WARN_INT_CONVERSION = YES;
				CLANG_WARN_NON_LITERAL_NULL_CONVERSION = YES;
				CLANG_WARN_OBJC_IMPLICIT_RETAIN_SELF = YES;
				CLANG_WARN_OBJC_LITERAL_CONVERSION = YES;
				CLANG_WARN_OBJC_ROOT_CLASS = YES_ERROR;
				CLANG_WARN_RANGE_LOOP_ANALYSIS = YES;
				CLANG_WARN_STRICT_PROTOTYPES = YES;
				CLANG_WARN_SUSPICIOUS_MOVE = YES;
				CLANG_WARN_UNGUARDED_AVAILABILITY = YES_AGGRESSIVE;
				CLANG_WARN_UNREACHABLE_CODE = YES;
				CLANG_WARN__DUPLICATE_METHOD_MATCH = YES;
				CODE_SIGN_IDENTITY = "iPhone Developer";
				COPY_PHASE_STRIP = NO;
				DEBUG_INFORMATION_FORMAT = dwarf;
				ENABLE_STRICT_OBJC_MSGSEND = YES;
				ENABLE_TESTABILITY = YES;
				GCC_C_LANGUAGE_STANDARD = gnu11;
				GCC_DYNAMIC_NO_PIC = NO;
				GCC_NO_COMMON_BLOCKS = YES;
				GCC_OPTIMIZATION_LEVEL = 0;
				GCC_PREPROCESSOR_DEFINITIONS = (
					"DEBUG=1",
					"$(inherited)",
				);
				GCC_WARN_64_TO_32_BIT_CONVERSION = YES;
				GCC_WARN_ABOUT_RETURN_TYPE = YES_ERROR;
				GCC_WARN_UNDECLARED_SELECTOR = YES;
				GCC_WARN_UNINITIALIZED_AUTOS = YES_AGGRESSIVE;
				GCC_WARN_UNUSED_FUNCTION = YES;
				GCC_WARN_UNUSED_VARIABLE = YES;
				IPHONEOS_DEPLOYMENT_TARGET = 12.0;
				MTL_ENABLE_DEBUG_INFO = INCLUDE_SOURCE;
				MTL_FAST_MATH = YES;
				ONLY_ACTIVE_ARCH = YES;
				SDKROOT = iphoneos;
				SWIFT_ACTIVE_COMPILATION_CONDITIONS = DEBUG;
				SWIFT_OPTIMIZATION_LEVEL = "-Onone";
			};
			name = Debug;
		};
		66982C5A21E781E7006A88AA /* Release */ = {
			isa = XCBuildConfiguration;
			buildSettings = {
				ALWAYS_SEARCH_USER_PATHS = NO;
				CLANG_ANALYZER_NONNULL = YES;
				CLANG_ANALYZER_NUMBER_OBJECT_CONVERSION = YES_AGGRESSIVE;
				CLANG_CXX_LANGUAGE_STANDARD = "gnu++14";
				CLANG_CXX_LIBRARY = "libc++";
				CLANG_ENABLE_MODULES = YES;
				CLANG_ENABLE_OBJC_ARC = YES;
				CLANG_ENABLE_OBJC_WEAK = YES;
				CLANG_WARN_BLOCK_CAPTURE_AUTORELEASING = YES;
				CLANG_WARN_BOOL_CONVERSION = YES;
				CLANG_WARN_COMMA = YES;
				CLANG_WARN_CONSTANT_CONVERSION = YES;
				CLANG_WARN_DEPRECATED_OBJC_IMPLEMENTATIONS = YES;
				CLANG_WARN_DIRECT_OBJC_ISA_USAGE = YES_ERROR;
				CLANG_WARN_DOCUMENTATION_COMMENTS = YES;
				CLANG_WARN_EMPTY_BODY = YES;
				CLANG_WARN_ENUM_CONVERSION = YES;
				CLANG_WARN_INFINITE_RECURSION = YES;
				CLANG_WARN_INT_CONVERSION = YES;
				CLANG_WARN_NON_LITERAL_NULL_CONVERSION = YES;
				CLANG_WARN_OBJC_IMPLICIT_RETAIN_SELF = YES;
				CLANG_WARN_OBJC_LITERAL_CONVERSION = YES;
				CLANG_WARN_OBJC_ROOT_CLASS = YES_ERROR;
				CLANG_WARN_RANGE_LOOP_ANALYSIS = YES;
				CLANG_WARN_STRICT_PROTOTYPES = YES;
				CLANG_WARN_SUSPICIOUS_MOVE = YES;
				CLANG_WARN_UNGUARDED_AVAILABILITY = YES_AGGRESSIVE;
				CLANG_WARN_UNREACHABLE_CODE = YES;
				CLANG_WARN__DUPLICATE_METHOD_MATCH = YES;
				CODE_SIGN_IDENTITY = "iPhone Developer";
				COPY_PHASE_STRIP = NO;
				DEBUG_INFORMATION_FORMAT = "dwarf-with-dsym";
				ENABLE_NS_ASSERTIONS = NO;
				ENABLE_STRICT_OBJC_MSGSEND = YES;
				GCC_C_LANGUAGE_STANDARD = gnu11;
				GCC_NO_COMMON_BLOCKS = YES;
				GCC_WARN_64_TO_32_BIT_CONVERSION = YES;
				GCC_WARN_ABOUT_RETURN_TYPE = YES_ERROR;
				GCC_WARN_UNDECLARED_SELECTOR = YES;
				GCC_WARN_UNINITIALIZED_AUTOS = YES_AGGRESSIVE;
				GCC_WARN_UNUSED_FUNCTION = YES;
				GCC_WARN_UNUSED_VARIABLE = YES;
				IPHONEOS_DEPLOYMENT_TARGET = 12.0;
				MTL_ENABLE_DEBUG_INFO = NO;
				MTL_FAST_MATH = YES;
				SDKROOT = iphoneos;
				SWIFT_COMPILATION_MODE = wholemodule;
				SWIFT_OPTIMIZATION_LEVEL = "-O";
				VALIDATE_PRODUCT = YES;
			};
			name = Release;
		};
		66982C5C21E781E7006A88AA /* Debug */ = {
			isa = XCBuildConfiguration;
			buildSettings = {
				ASSETCATALOG_COMPILER_APPICON_NAME = AppIcon;
				CLANG_ENABLE_MODULES = YES;
				CODE_SIGN_STYLE = Automatic;
				INFOPLIST_FILE = Exiled/Info.plist;
				LD_RUNPATH_SEARCH_PATHS = (
					"$(inherited)",
					"@executable_path/Frameworks",
				);
				PRODUCT_BUNDLE_IDENTIFIER = com.helpdeskdefre.Exiled;
				PRODUCT_NAME = "$(TARGET_NAME)";
				SWIFT_OBJC_BRIDGING_HEADER = "Exiled/Exiled-Bridging-Header.h";
				SWIFT_OPTIMIZATION_LEVEL = "-Onone";
				SWIFT_VERSION = 4.2;
				TARGETED_DEVICE_FAMILY = "1,2";
			};
			name = Debug;
		};
		66982C5D21E781E7006A88AA /* Release */ = {
			isa = XCBuildConfiguration;
			buildSettings = {
				ASSETCATALOG_COMPILER_APPICON_NAME = AppIcon;
				CLANG_ENABLE_MODULES = YES;
				CODE_SIGN_STYLE = Automatic;
				INFOPLIST_FILE = Exiled/Info.plist;
				LD_RUNPATH_SEARCH_PATHS = (
					"$(inherited)",
					"@executable_path/Frameworks",
				);
				PRODUCT_BUNDLE_IDENTIFIER = com.helpdeskdefre.Exiled;
				PRODUCT_NAME = "$(TARGET_NAME)";
				SWIFT_OBJC_BRIDGING_HEADER = "Exiled/Exiled-Bridging-Header.h";
				SWIFT_VERSION = 4.2;
				TARGETED_DEVICE_FAMILY = "1,2";
			};
			name = Release;
		};
/* End XCBuildConfiguration section */

/* Begin XCConfigurationList section */
		66982C3E21E781E5006A88AA /* Build configuration list for PBXProject "Exiled" */ = {
			isa = XCConfigurationList;
			buildConfigurations = (
				66982C5921E781E7006A88AA /* Debug */,
				66982C5A21E781E7006A88AA /* Release */,
			);
			defaultConfigurationIsVisible = 0;
			defaultConfigurationName = Release;
		};
		66982C5B21E781E7006A88AA /* Build configuration list for PBXNativeTarget "Exiled" */ = {
			isa = XCConfigurationList;
			buildConfigurations = (
				66982C5C21E781E7006A88AA /* Debug */,
				66982C5D21E781E7006A88AA /* Release */,
			);
			defaultConfigurationIsVisible = 0;
			defaultConfigurationName = Release;
		};
/* End XCConfigurationList section */
	};
	rootObject = 66982C3B21E781E5006A88AA /* Project object */;
}
